
Microsoft Visual Studio Solution File, Format Version 12.00
# Visual Studio Version 17
VisualStudioVersion = 17.11.35312.102
MinimumVisualStudioVersion = 10.0.40219.1
Project("{9A19103F-16F7-4668-BE54-9A1E7A4F7556}") = "Helpers.MsSql", "Helpers.MsSql.csproj", "{0BDC95BD-B54B-486B-AB08-F6673115E073}"
EndProject
Global
	GlobalSection(SolutionConfigurationPlatforms) = preSolution
		Debug|Any CPU = Debug|Any CPU
		Release|Any CPU = Release|Any CPU
	EndGlobalSection
	GlobalSection(ProjectConfigurationPlatforms) = postSolution
		{0BDC95BD-B54B-486B-AB08-F6673115E073}.Debug|Any CPU.ActiveCfg = Debug|Any CPU
		{0BDC95BD-B54B-486B-AB08-F6673115E073}.Debug|Any CPU.Build.0 = Debug|Any CPU
		{0BDC95BD-B54B-486B-AB08-F6673115E073}.Release|Any CPU.ActiveCfg = Release|Any CPU
		{0BDC95BD-B54B-486B-AB08-F6673115E073}.Release|Any CPU.Build.0 = Release|Any CPU
	EndGlobalSection
	GlobalSection(SolutionProperties) = preSolution
		HideSolutionNode = FALSE
	EndGlobalSection
	GlobalSection(ExtensibilityGlobals) = postSolution
		SolutionGuid = {A71D61A3-C8B4-425C-8E9A-0BA416245254}
	EndGlobalSection
EndGlobal
